
Microsoft Visual Studio Solution File, Format Version 12.00
# Visual Studio Version 17
VisualStudioVersion = 17.0.31612.314
MinimumVisualStudioVersion = 10.0.40219.1
Project("{FAE04EC0-301F-11D3-BF4B-00C04F79EFBC}") = "Wisej.Web.Ext.MobileIntegration", "Wisej.Web.Ext.MobileIntegration\Wisej.Web.Ext.MobileIntegration.csproj", "{FEAB1EF9-44AB-46C4-82CF-D4F0EE5BD118}"
	ProjectSection(ProjectDependencies) = postProject
		{F1F9A32A-6482-42E2-AE60-5CF2D88626CD} = {F1F9A32A-6482-42E2-AE60-5CF2D88626CD}
	EndProjectSection
EndProject
Project("{9A19103F-16F7-4668-BE54-9A1E7A4F7556}") = "Wisej.Notify", "Wisej.Notify\Wisej.Notify.csproj", "{F1F9A32A-6482-42E2-AE60-5CF2D88626CD}"
EndProject
Global
	GlobalSection(SolutionConfigurationPlatforms) = preSolution
		Debug|Any CPU = Debug|Any CPU
		Release|Any CPU = Release|Any CPU
	EndGlobalSection
	GlobalSection(ProjectConfigurationPlatforms) = postSolution
		{FEAB1EF9-44AB-46C4-82CF-D4F0EE5BD118}.Debug|Any CPU.ActiveCfg = Debug|Any CPU
		{FEAB1EF9-44AB-46C4-82CF-D4F0EE5BD118}.Debug|Any CPU.Build.0 = Debug|Any CPU
		{FEAB1EF9-44AB-46C4-82CF-D4F0EE5BD118}.Release|Any CPU.ActiveCfg = Release|Any CPU
		{FEAB1EF9-44AB-46C4-82CF-D4F0EE5BD118}.Release|Any CPU.Build.0 = Release|Any CPU
		{F1F9A32A-6482-42E2-AE60-5CF2D88626CD}.Debug|Any CPU.ActiveCfg = Debug|Any CPU
		{F1F9A32A-6482-42E2-AE60-5CF2D88626CD}.Debug|Any CPU.Build.0 = Debug|Any CPU
		{F1F9A32A-6482-42E2-AE60-5CF2D88626CD}.Release|Any CPU.ActiveCfg = Release|Any CPU
		{F1F9A32A-6482-42E2-AE60-5CF2D88626CD}.Release|Any CPU.Build.0 = Release|Any CPU
	EndGlobalSection
	GlobalSection(SolutionProperties) = preSolution
		HideSolutionNode = FALSE
	EndGlobalSection
	GlobalSection(ExtensibilityGlobals) = postSolution
		SolutionGuid = {31DBD60D-9379-4F88-A12C-F0AAB52F5A51}
	EndGlobalSection
EndGlobal
