
Microsoft Visual Studio Solution File, Format Version 12.00
# Visual Studio Version 16
VisualStudioVersion = 16.0.31729.503
MinimumVisualStudioVersion = 10.0.40219.1
Project("{9A19103F-16F7-4668-BE54-9A1E7A4F7556}") = "Wisej.Web.Ext.ChartJS", "Wisej.Web.Ext.ChartJS.csproj", "{50CF8FEB-368D-48C7-AA42-1618654DB2AA}"
EndProject
Global
	GlobalSection(SolutionConfigurationPlatforms) = preSolution
		Debug|Any CPU = Debug|Any CPU
		Release|Any CPU = Release|Any CPU
	EndGlobalSection
	GlobalSection(ProjectConfigurationPlatforms) = postSolution
		{50CF8FEB-368D-48C7-AA42-1618654DB2AA}.Debug|Any CPU.ActiveCfg = Debug|Any CPU
		{50CF8FEB-368D-48C7-AA42-1618654DB2AA}.Debug|Any CPU.Build.0 = Debug|Any CPU
		{50CF8FEB-368D-48C7-AA42-1618654DB2AA}.Release|Any CPU.ActiveCfg = Release|Any CPU
		{50CF8FEB-368D-48C7-AA42-1618654DB2AA}.Release|Any CPU.Build.0 = Release|Any CPU
	EndGlobalSection
	GlobalSection(SolutionProperties) = preSolution
		HideSolutionNode = FALSE
	EndGlobalSection
	GlobalSection(ExtensibilityGlobals) = postSolution
		SolutionGuid = {FCE742DF-B842-4FFC-8947-81FC1EF2AF29}
	EndGlobalSection
EndGlobal
