
Microsoft Visual Studio Solution File, Format Version 12.00
# Visual Studio Version 16
VisualStudioVersion = 16.0.30225.117
MinimumVisualStudioVersion = 10.0.40219.1
Project("{9A19103F-16F7-4668-BE54-9A1E7A4F7556}") = "Wisej.Web.Ext.CustomWallpaper", "Wisej.Web.Ext.CustomWallpaper.csproj", "{21C8A930-0862-498C-8D7A-3A1272F79F1F}"
EndProject
Global
	GlobalSection(SolutionConfigurationPlatforms) = preSolution
		Debug|Any CPU = Debug|Any CPU
		Release|Any CPU = Release|Any CPU
		WisejWinForms|Any CPU = WisejWinForms|Any CPU
	EndGlobalSection
	GlobalSection(ProjectConfigurationPlatforms) = postSolution
		{21C8A930-0862-498C-8D7A-3A1272F79F1F}.Debug|Any CPU.ActiveCfg = Debug|Any CPU
		{21C8A930-0862-498C-8D7A-3A1272F79F1F}.Debug|Any CPU.Build.0 = Debug|Any CPU
		{21C8A930-0862-498C-8D7A-3A1272F79F1F}.Release|Any CPU.ActiveCfg = Release|Any CPU
		{21C8A930-0862-498C-8D7A-3A1272F79F1F}.Release|Any CPU.Build.0 = Release|Any CPU
		{21C8A930-0862-498C-8D7A-3A1272F79F1F}.WisejWinForms|Any CPU.ActiveCfg = WisejWinForms|Any CPU
		{21C8A930-0862-498C-8D7A-3A1272F79F1F}.WisejWinForms|Any CPU.Build.0 = WisejWinForms|Any CPU
	EndGlobalSection
	GlobalSection(SolutionProperties) = preSolution
		HideSolutionNode = FALSE
	EndGlobalSection
	GlobalSection(ExtensibilityGlobals) = postSolution
		SolutionGuid = {B97495E3-1A11-46EF-B0A5-91C6E064B574}
	EndGlobalSection
EndGlobal
