
Microsoft Visual Studio Solution File, Format Version 12.00
# Visual Studio Version 16
VisualStudioVersion = 16.0.30225.117
MinimumVisualStudioVersion = 10.0.40219.1
Project("{9A19103F-16F7-4668-BE54-9A1E7A4F7556}") = "Wisej.Web.Ext.Camera", "Wisej.Web.Ext.Camera.csproj", "{94394AAD-CC18-40D3-9AF4-B09341C8864C}"
EndProject
Global
	GlobalSection(SolutionConfigurationPlatforms) = preSolution
		Debug|Any CPU = Debug|Any CPU
		Release|Any CPU = Release|Any CPU
		WisejWinForms|Any CPU = WisejWinForms|Any CPU
	EndGlobalSection
	GlobalSection(ProjectConfigurationPlatforms) = postSolution
		{94394AAD-CC18-40D3-9AF4-B09341C8864C}.Debug|Any CPU.ActiveCfg = Debug|Any CPU
		{94394AAD-CC18-40D3-9AF4-B09341C8864C}.Debug|Any CPU.Build.0 = Debug|Any CPU
		{94394AAD-CC18-40D3-9AF4-B09341C8864C}.Release|Any CPU.ActiveCfg = Release|Any CPU
		{94394AAD-CC18-40D3-9AF4-B09341C8864C}.Release|Any CPU.Build.0 = Release|Any CPU
		{94394AAD-CC18-40D3-9AF4-B09341C8864C}.WisejWinForms|Any CPU.ActiveCfg = WisejWinForms|Any CPU
		{94394AAD-CC18-40D3-9AF4-B09341C8864C}.WisejWinForms|Any CPU.Build.0 = WisejWinForms|Any CPU
	EndGlobalSection
	GlobalSection(SolutionProperties) = preSolution
		HideSolutionNode = FALSE
	EndGlobalSection
	GlobalSection(ExtensibilityGlobals) = postSolution
		SolutionGuid = {903F7252-2F57-4AA4-B500-EFA412F8D740}
	EndGlobalSection
EndGlobal
