
Microsoft Visual Studio Solution File, Format Version 12.00
# Visual Studio Version 16
VisualStudioVersion = 16.0.30225.117
MinimumVisualStudioVersion = 10.0.40219.1
Project("{9A19103F-16F7-4668-BE54-9A1E7A4F7556}") = "Wisej.Web.Ext.Charts", "Wisej.Web.Ext.Charts.csproj", "{4B5B8E0F-F2E4-4F40-91EA-0CA710A99EBD}"
EndProject
Global
	GlobalSection(SolutionConfigurationPlatforms) = preSolution
		Debug|Any CPU = Debug|Any CPU
		Release|Any CPU = Release|Any CPU
		WisejWinForms|Any CPU = WisejWinForms|Any CPU
	EndGlobalSection
	GlobalSection(ProjectConfigurationPlatforms) = postSolution
		{4B5B8E0F-F2E4-4F40-91EA-0CA710A99EBD}.Debug|Any CPU.ActiveCfg = Debug|Any CPU
		{4B5B8E0F-F2E4-4F40-91EA-0CA710A99EBD}.Debug|Any CPU.Build.0 = Debug|Any CPU
		{4B5B8E0F-F2E4-4F40-91EA-0CA710A99EBD}.Release|Any CPU.ActiveCfg = Release|Any CPU
		{4B5B8E0F-F2E4-4F40-91EA-0CA710A99EBD}.Release|Any CPU.Build.0 = Release|Any CPU
		{4B5B8E0F-F2E4-4F40-91EA-0CA710A99EBD}.WisejWinForms|Any CPU.ActiveCfg = WisejWinForms|Any CPU
		{4B5B8E0F-F2E4-4F40-91EA-0CA710A99EBD}.WisejWinForms|Any CPU.Build.0 = WisejWinForms|Any CPU
	EndGlobalSection
	GlobalSection(SolutionProperties) = preSolution
		HideSolutionNode = FALSE
	EndGlobalSection
	GlobalSection(ExtensibilityGlobals) = postSolution
		SolutionGuid = {9DE06072-9744-441D-84F6-010AC87706D8}
	EndGlobalSection
EndGlobal
