
Microsoft Visual Studio Solution File, Format Version 12.00
# Visual Studio Version 17
VisualStudioVersion = 17.14.36017.23 d17.14
MinimumVisualStudioVersion = 10.0.40219.1
Project("{FAE04EC0-301F-11D3-BF4B-00C04F79EFBC}") = "Wisej.Ext.Authentication", "Wisej.Ext.Authentication.csproj", "{A8F1CD33-A513-4F5B-9B8D-1173D14F1818}"
EndProject
Global
	GlobalSection(SolutionConfigurationPlatforms) = preSolution
		Debug|Any CPU = Debug|Any CPU
		Release|Any CPU = Release|Any CPU
	EndGlobalSection
	GlobalSection(ProjectConfigurationPlatforms) = postSolution
		{A8F1CD33-A513-4F5B-9B8D-1173D14F1818}.Debug|Any CPU.ActiveCfg = Debug|Any CPU
		{A8F1CD33-A513-4F5B-9B8D-1173D14F1818}.Debug|Any CPU.Build.0 = Debug|Any CPU
		{A8F1CD33-A513-4F5B-9B8D-1173D14F1818}.Release|Any CPU.ActiveCfg = Release|Any CPU
		{A8F1CD33-A513-4F5B-9B8D-1173D14F1818}.Release|Any CPU.Build.0 = Release|Any CPU
	EndGlobalSection
	GlobalSection(SolutionProperties) = preSolution
		HideSolutionNode = FALSE
	EndGlobalSection
	GlobalSection(ExtensibilityGlobals) = postSolution
		SolutionGuid = {0CC17F32-E0DC-4055-92AA-15B7EE1224D4}
	EndGlobalSection
EndGlobal
