
Microsoft Visual Studio Solution File, Format Version 12.00
# Visual Studio Version 16
VisualStudioVersion = 16.0.30225.117
MinimumVisualStudioVersion = 10.0.40219.1
Project("{9A19103F-16F7-4668-BE54-9A1E7A4F7556}") = "Wisej.Web.Ext.Barcode", "Wisej.Web.Ext.Barcode.csproj", "{D666764C-D26B-41DB-BB56-79A157BBD919}"
EndProject
Global
	GlobalSection(SolutionConfigurationPlatforms) = preSolution
		Debug|Any CPU = Debug|Any CPU
		Release|Any CPU = Release|Any CPU
		WisejWinForms|Any CPU = WisejWinForms|Any CPU
	EndGlobalSection
	GlobalSection(ProjectConfigurationPlatforms) = postSolution
		{D666764C-D26B-41DB-BB56-79A157BBD919}.Debug|Any CPU.ActiveCfg = Debug|Any CPU
		{D666764C-D26B-41DB-BB56-79A157BBD919}.Debug|Any CPU.Build.0 = Debug|Any CPU
		{D666764C-D26B-41DB-BB56-79A157BBD919}.Release|Any CPU.ActiveCfg = Release|Any CPU
		{D666764C-D26B-41DB-BB56-79A157BBD919}.Release|Any CPU.Build.0 = Release|Any CPU
		{D666764C-D26B-41DB-BB56-79A157BBD919}.WisejWinForms|Any CPU.ActiveCfg = WisejWinForms|Any CPU
		{D666764C-D26B-41DB-BB56-79A157BBD919}.WisejWinForms|Any CPU.Build.0 = WisejWinForms|Any CPU
	EndGlobalSection
	GlobalSection(SolutionProperties) = preSolution
		HideSolutionNode = FALSE
	EndGlobalSection
	GlobalSection(ExtensibilityGlobals) = postSolution
		SolutionGuid = {DA284EFA-C7BF-4A70-807E-06264111355D}
	EndGlobalSection
EndGlobal
