
Microsoft Visual Studio Solution File, Format Version 12.00
# Visual Studio 15
VisualStudioVersion = 15.0.28010.2048
MinimumVisualStudioVersion = 10.0.40219.1
Project("{FAE04EC0-301F-11D3-BF4B-00C04F79EFBC}") = "Wisej.Web.Ext.Brotli", "Wisej.Web.Ext.Brotli\Wisej.Web.Ext.Brotli.csproj", "{C5AAFF5E-4A31-414B-AA49-140FC6CB9DE2}"
EndProject
Global
	GlobalSection(SolutionConfigurationPlatforms) = preSolution
		Debug|Any CPU = Debug|Any CPU
		Release|Any CPU = Release|Any CPU
	EndGlobalSection
	GlobalSection(ProjectConfigurationPlatforms) = postSolution
		{C5AAFF5E-4A31-414B-AA49-140FC6CB9DE2}.Debug|Any CPU.ActiveCfg = Debug|Any CPU
		{C5AAFF5E-4A31-414B-AA49-140FC6CB9DE2}.Debug|Any CPU.Build.0 = Debug|Any CPU
		{C5AAFF5E-4A31-414B-AA49-140FC6CB9DE2}.Release|Any CPU.ActiveCfg = Release|Any CPU
		{C5AAFF5E-4A31-414B-AA49-140FC6CB9DE2}.Release|Any CPU.Build.0 = Release|Any CPU
	EndGlobalSection
	GlobalSection(SolutionProperties) = preSolution
		HideSolutionNode = FALSE
	EndGlobalSection
	GlobalSection(ExtensibilityGlobals) = postSolution
		SolutionGuid = {82A12850-060F-40A8-945D-10115DBC60A8}
	EndGlobalSection
EndGlobal
