
Microsoft Visual Studio Solution File, Format Version 12.00
# Visual Studio Version 16
VisualStudioVersion = 16.0.30225.117
MinimumVisualStudioVersion = 10.0.40219.1
Project("{FAE04EC0-301F-11D3-BF4B-00C04F79EFBC}") = "Wisej.Ext.Geolocation", "Wisej.Ext.Geolocation.csproj", "{B6F7E374-9A83-4D1B-8ECB-45F1D9301C4C}"
EndProject
Global
	GlobalSection(SolutionConfigurationPlatforms) = preSolution
		Debug|Any CPU = Debug|Any CPU
		Release|Any CPU = Release|Any CPU
	EndGlobalSection
	GlobalSection(ProjectConfigurationPlatforms) = postSolution
		{B6F7E374-9A83-4D1B-8ECB-45F1D9301C4C}.Debug|Any CPU.ActiveCfg = Debug|Any CPU
		{B6F7E374-9A83-4D1B-8ECB-45F1D9301C4C}.Debug|Any CPU.Build.0 = Debug|Any CPU
		{B6F7E374-9A83-4D1B-8ECB-45F1D9301C4C}.Release|Any CPU.ActiveCfg = Release|Any CPU
		{B6F7E374-9A83-4D1B-8ECB-45F1D9301C4C}.Release|Any CPU.Build.0 = Release|Any CPU
	EndGlobalSection
	GlobalSection(SolutionProperties) = preSolution
		HideSolutionNode = FALSE
	EndGlobalSection
	GlobalSection(ExtensibilityGlobals) = postSolution
		SolutionGuid = {82D916CE-2FD7-4B6E-94CE-1501FBA46239}
	EndGlobalSection
EndGlobal
