
Microsoft Visual Studio Solution File, Format Version 12.00
# Visual Studio Version 16
VisualStudioVersion = 16.0.30225.117
MinimumVisualStudioVersion = 10.0.40219.1
Project("{9A19103F-16F7-4668-BE54-9A1E7A4F7556}") = "Wisej.Web.Ext.XTerm", "Wisej.Web.Ext.XTerm.csproj", "{5A5D9B46-2665-40C2-A39B-9EC21159FB1C}"
EndProject
Global
	GlobalSection(SolutionConfigurationPlatforms) = preSolution
		Debug|Any CPU = Debug|Any CPU
		Release|Any CPU = Release|Any CPU
		WisejWinForms|Any CPU = WisejWinForms|Any CPU
	EndGlobalSection
	GlobalSection(ProjectConfigurationPlatforms) = postSolution
		{5A5D9B46-2665-40C2-A39B-9EC21159FB1C}.Debug|Any CPU.ActiveCfg = Debug|Any CPU
		{5A5D9B46-2665-40C2-A39B-9EC21159FB1C}.Debug|Any CPU.Build.0 = Debug|Any CPU
		{5A5D9B46-2665-40C2-A39B-9EC21159FB1C}.Release|Any CPU.ActiveCfg = Release|Any CPU
		{5A5D9B46-2665-40C2-A39B-9EC21159FB1C}.Release|Any CPU.Build.0 = Release|Any CPU
		{5A5D9B46-2665-40C2-A39B-9EC21159FB1C}.WisejWinForms|Any CPU.ActiveCfg = WisejWinForms|Any CPU
		{5A5D9B46-2665-40C2-A39B-9EC21159FB1C}.WisejWinForms|Any CPU.Build.0 = WisejWinForms|Any CPU
	EndGlobalSection
	GlobalSection(SolutionProperties) = preSolution
		HideSolutionNode = FALSE
	EndGlobalSection
	GlobalSection(ExtensibilityGlobals) = postSolution
		SolutionGuid = {A9A90C83-CD80-443B-B44C-C3171F7910A0}
	EndGlobalSection
EndGlobal
