
Microsoft Visual Studio Solution File, Format Version 12.00
# Visual Studio 15
VisualStudioVersion = 15.0.28307.106
MinimumVisualStudioVersion = 10.0.40219.1
Project("{FAE04EC0-301F-11D3-BF4B-00C04F79EFBC}") = "Wisej.Ext.VisualStudioIcons", "Wisej.Ext.VisualStudioIcons.csproj", "{13EFDB0B-493C-4DA2-8D44-0CE37CA7D610}"
EndProject
Global
	GlobalSection(SolutionConfigurationPlatforms) = preSolution
		Debug|Any CPU = Debug|Any CPU
		Release|Any CPU = Release|Any CPU
	EndGlobalSection
	GlobalSection(ProjectConfigurationPlatforms) = postSolution
		{13EFDB0B-493C-4DA2-8D44-0CE37CA7D610}.Debug|Any CPU.ActiveCfg = Debug|Any CPU
		{13EFDB0B-493C-4DA2-8D44-0CE37CA7D610}.Debug|Any CPU.Build.0 = Debug|Any CPU
		{13EFDB0B-493C-4DA2-8D44-0CE37CA7D610}.Release|Any CPU.ActiveCfg = Release|Any CPU
		{13EFDB0B-493C-4DA2-8D44-0CE37CA7D610}.Release|Any CPU.Build.0 = Release|Any CPU
	EndGlobalSection
	GlobalSection(SolutionProperties) = preSolution
		HideSolutionNode = FALSE
	EndGlobalSection
	GlobalSection(ExtensibilityGlobals) = postSolution
		SolutionGuid = {F4CDB017-BEF1-4538-BBA6-E155826E69DC}
	EndGlobalSection
EndGlobal
