
Microsoft Visual Studio Solution File, Format Version 12.00
# Visual Studio Version 16
VisualStudioVersion = 16.0.30204.135
MinimumVisualStudioVersion = 10.0.40219.1
Project("{FAE04EC0-301F-11D3-BF4B-00C04F79EFBC}") = "Wisej.Ext.VisualStudioIcons", "Wisej.Ext.VisualStudioIcons.csproj", "{9B9DCDFE-08A4-4E2F-A6F9-9AB74075B9A8}"
EndProject
Global
	GlobalSection(SolutionConfigurationPlatforms) = preSolution
		Debug|Any CPU = Debug|Any CPU
		Release|Any CPU = Release|Any CPU
	EndGlobalSection
	GlobalSection(ProjectConfigurationPlatforms) = postSolution
		{9B9DCDFE-08A4-4E2F-A6F9-9AB74075B9A8}.Debug|Any CPU.ActiveCfg = Debug|Any CPU
		{9B9DCDFE-08A4-4E2F-A6F9-9AB74075B9A8}.Debug|Any CPU.Build.0 = Debug|Any CPU
		{9B9DCDFE-08A4-4E2F-A6F9-9AB74075B9A8}.Release|Any CPU.ActiveCfg = Release|Any CPU
		{9B9DCDFE-08A4-4E2F-A6F9-9AB74075B9A8}.Release|Any CPU.Build.0 = Release|Any CPU
	EndGlobalSection
	GlobalSection(SolutionProperties) = preSolution
		HideSolutionNode = FALSE
	EndGlobalSection
	GlobalSection(ExtensibilityGlobals) = postSolution
		SolutionGuid = {8A4B8E53-A6AB-4AB8-8B81-69ED6B6D04B8}
	EndGlobalSection
EndGlobal
