
Microsoft Visual Studio Solution File, Format Version 12.00
# Visual Studio Version 16
VisualStudioVersion = 16.0.30225.117
MinimumVisualStudioVersion = 10.0.40219.1
Project("{FAE04EC0-301F-11D3-BF4B-00C04F79EFBC}") = "Wisej.Web.Ext.HighCharts", "Wisej.Web.Ext.HighCharts.csproj", "{45256D31-F3A7-496B-9A30-2D014BD4F22A}"
EndProject
Global
	GlobalSection(SolutionConfigurationPlatforms) = preSolution
		Debug|Any CPU = Debug|Any CPU
		Release|Any CPU = Release|Any CPU
	EndGlobalSection
	GlobalSection(ProjectConfigurationPlatforms) = postSolution
		{45256D31-F3A7-496B-9A30-2D014BD4F22A}.Debug|Any CPU.ActiveCfg = Debug|Any CPU
		{45256D31-F3A7-496B-9A30-2D014BD4F22A}.Debug|Any CPU.Build.0 = Debug|Any CPU
		{45256D31-F3A7-496B-9A30-2D014BD4F22A}.Release|Any CPU.ActiveCfg = Release|Any CPU
		{45256D31-F3A7-496B-9A30-2D014BD4F22A}.Release|Any CPU.Build.0 = Release|Any CPU
	EndGlobalSection
	GlobalSection(SolutionProperties) = preSolution
		HideSolutionNode = FALSE
	EndGlobalSection
	GlobalSection(ExtensibilityGlobals) = postSolution
		SolutionGuid = {57DFBC0B-4004-4B75-B900-D0078F007C05}
	EndGlobalSection
EndGlobal
