
Microsoft Visual Studio Solution File, Format Version 12.00
# Visual Studio Version 18
VisualStudioVersion = 18.2.11415.280 d18.0
MinimumVisualStudioVersion = 10.0.40219.1
Project("{FAE04EC0-301F-11D3-BF4B-00C04F79EFBC}") = "Wisej.Web.Ext.ChartJS4", "Wisej.Web.Ext.ChartJS4.csproj", "{AC433D9A-E50A-3D0C-37AB-8A57436E37B6}"
EndProject
Global
	GlobalSection(SolutionConfigurationPlatforms) = preSolution
		Debug|Any CPU = Debug|Any CPU
		Release|Any CPU = Release|Any CPU
	EndGlobalSection
	GlobalSection(ProjectConfigurationPlatforms) = postSolution
		{AC433D9A-E50A-3D0C-37AB-8A57436E37B6}.Debug|Any CPU.ActiveCfg = Debug|Any CPU
		{AC433D9A-E50A-3D0C-37AB-8A57436E37B6}.Debug|Any CPU.Build.0 = Debug|Any CPU
		{AC433D9A-E50A-3D0C-37AB-8A57436E37B6}.Release|Any CPU.ActiveCfg = Release|Any CPU
		{AC433D9A-E50A-3D0C-37AB-8A57436E37B6}.Release|Any CPU.Build.0 = Release|Any CPU
	EndGlobalSection
	GlobalSection(SolutionProperties) = preSolution
		HideSolutionNode = FALSE
	EndGlobalSection
	GlobalSection(ExtensibilityGlobals) = postSolution
		SolutionGuid = {5C1473AE-8AD8-4885-95BF-222ECE04F431}
	EndGlobalSection
EndGlobal
