
Microsoft Visual Studio Solution File, Format Version 12.00
# Visual Studio 14
VisualStudioVersion = 14.0.24720.0
MinimumVisualStudioVersion = 10.0.40219.1
Project("{FAE04EC0-301F-11D3-BF4B-00C04F79EFBC}") = "Wisej.Web.Ext.Speech", "Wisej.Web.Ext.Speech.csproj", "{FA965176-62C1-4708-806F-D1A2BE663D01}"
EndProject
Global
	GlobalSection(SolutionConfigurationPlatforms) = preSolution
		Debug|Any CPU = Debug|Any CPU
		Release|Any CPU = Release|Any CPU
	EndGlobalSection
	GlobalSection(ProjectConfigurationPlatforms) = postSolution
		{FA965176-62C1-4708-806F-D1A2BE663D01}.Debug|Any CPU.ActiveCfg = Debug|Any CPU
		{FA965176-62C1-4708-806F-D1A2BE663D01}.Debug|Any CPU.Build.0 = Debug|Any CPU
		{FA965176-62C1-4708-806F-D1A2BE663D01}.Release|Any CPU.ActiveCfg = Release|Any CPU
		{FA965176-62C1-4708-806F-D1A2BE663D01}.Release|Any CPU.Build.0 = Release|Any CPU
	EndGlobalSection
	GlobalSection(SolutionProperties) = preSolution
		HideSolutionNode = FALSE
	EndGlobalSection
EndGlobal
