
Microsoft Visual Studio Solution File, Format Version 12.00
# Visual Studio Version 17
VisualStudioVersion = 17.5.33414.496
MinimumVisualStudioVersion = 10.0.40219.1
Project("{FAE04EC0-301F-11D3-BF4B-00C04F79EFBC}") = "Wisej.Web.Ext.Signature", "Wisej.Web.Ext.Signature.csproj", "{5D2854DC-8F1D-4A16-BCCE-89BDCF8E54A2}"
EndProject
Global
	GlobalSection(SolutionConfigurationPlatforms) = preSolution
		Debug|Any CPU = Debug|Any CPU
		Release|Any CPU = Release|Any CPU
	EndGlobalSection
	GlobalSection(ProjectConfigurationPlatforms) = postSolution
		{5D2854DC-8F1D-4A16-BCCE-89BDCF8E54A2}.Debug|Any CPU.ActiveCfg = Debug|Any CPU
		{5D2854DC-8F1D-4A16-BCCE-89BDCF8E54A2}.Debug|Any CPU.Build.0 = Debug|Any CPU
		{5D2854DC-8F1D-4A16-BCCE-89BDCF8E54A2}.Release|Any CPU.ActiveCfg = Release|Any CPU
		{5D2854DC-8F1D-4A16-BCCE-89BDCF8E54A2}.Release|Any CPU.Build.0 = Release|Any CPU
	EndGlobalSection
	GlobalSection(SolutionProperties) = preSolution
		HideSolutionNode = FALSE
	EndGlobalSection
	GlobalSection(ExtensibilityGlobals) = postSolution
		SolutionGuid = {93EC80AC-466E-4392-A7B9-39B9940D8997}
	EndGlobalSection
EndGlobal
