
Microsoft Visual Studio Solution File, Format Version 12.00
# Visual Studio Version 17
VisualStudioVersion = 17.4.33213.308
MinimumVisualStudioVersion = 10.0.40219.1
Project("{9A19103F-16F7-4668-BE54-9A1E7A4F7556}") = "Wisej.Ext.PlayWright", "Wisej.Ext.PlayWright\Wisej.Ext.PlayWright.csproj", "{0A415565-0119-4712-B6CC-0F9B79E59638}"
EndProject
Project("{FAE04EC0-301F-11D3-BF4B-00C04F79EFBC}") = "Wisej.Ext.Playwright.Test", "Wisej.Ext.Playwright.Test\Wisej.Ext.Playwright.Test.csproj", "{8D48D04B-105A-4719-93EC-1F4D8FC6E9C5}"
EndProject
Global
	GlobalSection(SolutionConfigurationPlatforms) = preSolution
		Debug|Any CPU = Debug|Any CPU
		Release|Any CPU = Release|Any CPU
	EndGlobalSection
	GlobalSection(ProjectConfigurationPlatforms) = postSolution
		{0A415565-0119-4712-B6CC-0F9B79E59638}.Debug|Any CPU.ActiveCfg = Debug|Any CPU
		{0A415565-0119-4712-B6CC-0F9B79E59638}.Debug|Any CPU.Build.0 = Debug|Any CPU
		{0A415565-0119-4712-B6CC-0F9B79E59638}.Release|Any CPU.ActiveCfg = Release|Any CPU
		{0A415565-0119-4712-B6CC-0F9B79E59638}.Release|Any CPU.Build.0 = Release|Any CPU
		{8D48D04B-105A-4719-93EC-1F4D8FC6E9C5}.Debug|Any CPU.ActiveCfg = Debug|Any CPU
		{8D48D04B-105A-4719-93EC-1F4D8FC6E9C5}.Debug|Any CPU.Build.0 = Debug|Any CPU
		{8D48D04B-105A-4719-93EC-1F4D8FC6E9C5}.Release|Any CPU.ActiveCfg = Release|Any CPU
		{8D48D04B-105A-4719-93EC-1F4D8FC6E9C5}.Release|Any CPU.Build.0 = Release|Any CPU
	EndGlobalSection
	GlobalSection(SolutionProperties) = preSolution
		HideSolutionNode = FALSE
	EndGlobalSection
	GlobalSection(ExtensibilityGlobals) = postSolution
		SolutionGuid = {D0C60F6E-B393-499E-91D7-707B65317CD8}
	EndGlobalSection
EndGlobal
