
Microsoft Visual Studio Solution File, Format Version 12.00
# Visual Studio 14
VisualStudioVersion = 14.0.25123.0
MinimumVisualStudioVersion = 10.0.40219.1
Project("{FAE04EC0-301F-11D3-BF4B-00C04F79EFBC}") = "Wisej.Web.Ext.FullCalendar", "Wisej.Web.Ext.FullCalendar.csproj", "{4CE816D9-DA9E-4E37-AF3C-8004FF02D991}"
EndProject
Global
	GlobalSection(SolutionConfigurationPlatforms) = preSolution
		Debug|Any CPU = Debug|Any CPU
		Release|Any CPU = Release|Any CPU
	EndGlobalSection
	GlobalSection(ProjectConfigurationPlatforms) = postSolution
		{4CE816D9-DA9E-4E37-AF3C-8004FF02D991}.Debug|Any CPU.ActiveCfg = Debug|Any CPU
		{4CE816D9-DA9E-4E37-AF3C-8004FF02D991}.Debug|Any CPU.Build.0 = Debug|Any CPU
		{4CE816D9-DA9E-4E37-AF3C-8004FF02D991}.Release|Any CPU.ActiveCfg = Release|Any CPU
		{4CE816D9-DA9E-4E37-AF3C-8004FF02D991}.Release|Any CPU.Build.0 = Release|Any CPU
	EndGlobalSection
	GlobalSection(SolutionProperties) = preSolution
		HideSolutionNode = FALSE
	EndGlobalSection
EndGlobal
