
Microsoft Visual Studio Solution File, Format Version 12.00
# Visual Studio Version 16
VisualStudioVersion = 16.0.30225.117
MinimumVisualStudioVersion = 10.0.40219.1
Project("{9A19103F-16F7-4668-BE54-9A1E7A4F7556}") = "Wisej.Web.Ext.TinyEditor", "Wisej.Web.Ext.TinyEditor.csproj", "{F848EE42-E0AE-48B9-BBE9-67CDBEAF0FEC}"
EndProject
Global
	GlobalSection(SolutionConfigurationPlatforms) = preSolution
		Debug|Any CPU = Debug|Any CPU
		Release|Any CPU = Release|Any CPU
		WisejWinForms|Any CPU = WisejWinForms|Any CPU
	EndGlobalSection
	GlobalSection(ProjectConfigurationPlatforms) = postSolution
		{F848EE42-E0AE-48B9-BBE9-67CDBEAF0FEC}.Debug|Any CPU.ActiveCfg = Debug|Any CPU
		{F848EE42-E0AE-48B9-BBE9-67CDBEAF0FEC}.Debug|Any CPU.Build.0 = Debug|Any CPU
		{F848EE42-E0AE-48B9-BBE9-67CDBEAF0FEC}.Release|Any CPU.ActiveCfg = Release|Any CPU
		{F848EE42-E0AE-48B9-BBE9-67CDBEAF0FEC}.Release|Any CPU.Build.0 = Release|Any CPU
		{F848EE42-E0AE-48B9-BBE9-67CDBEAF0FEC}.WisejWinForms|Any CPU.ActiveCfg = WisejWinForms|Any CPU
		{F848EE42-E0AE-48B9-BBE9-67CDBEAF0FEC}.WisejWinForms|Any CPU.Build.0 = WisejWinForms|Any CPU
	EndGlobalSection
	GlobalSection(SolutionProperties) = preSolution
		HideSolutionNode = FALSE
	EndGlobalSection
	GlobalSection(ExtensibilityGlobals) = postSolution
		SolutionGuid = {34A97873-0C7B-46C8-9FA3-98EA0F1F593D}
	EndGlobalSection
EndGlobal
