
Microsoft Visual Studio Solution File, Format Version 12.00
# Visual Studio 14
VisualStudioVersion = 14.0.25123.0
MinimumVisualStudioVersion = 10.0.40219.1
Project("{FAE04EC0-301F-11D3-BF4B-00C04F79EFBC}") = "Wisej.Web.Ext.RibbonBar", "Wisej.Web.Ext.RibbonBar.csproj", "{3BD92CFF-3B17-45EB-9AAD-D22A7BCDB640}"
EndProject
Global
	GlobalSection(SolutionConfigurationPlatforms) = preSolution
		Debug|Any CPU = Debug|Any CPU
		Release|Any CPU = Release|Any CPU
	EndGlobalSection
	GlobalSection(ProjectConfigurationPlatforms) = postSolution
		{3BD92CFF-3B17-45EB-9AAD-D22A7BCDB640}.Debug|Any CPU.ActiveCfg = Debug|Any CPU
		{3BD92CFF-3B17-45EB-9AAD-D22A7BCDB640}.Debug|Any CPU.Build.0 = Debug|Any CPU
		{3BD92CFF-3B17-45EB-9AAD-D22A7BCDB640}.Release|Any CPU.ActiveCfg = Release|Any CPU
		{3BD92CFF-3B17-45EB-9AAD-D22A7BCDB640}.Release|Any CPU.Build.0 = Release|Any CPU
	EndGlobalSection
	GlobalSection(SolutionProperties) = preSolution
		HideSolutionNode = FALSE
	EndGlobalSection
EndGlobal
